
Microsoft Visual Studio Solution File, Format Version 12.00
# Visual Studio Version 16
VisualStudioVersion = 16.0.32106.194
MinimumVisualStudioVersion = 10.0.40219.1
Project("{F184B08F-C81C-45F6-A57F-5ABD9991F28F}") = "MineSweeper", "MineSweeper.vbproj", "{A9BA0206-49F5-4B5D-9ED7-E605684AEF96}"
EndProject
Global
	GlobalSection(SolutionConfigurationPlatforms) = preSolution
		Debug|Any CPU = Debug|Any CPU
		Release|Any CPU = Release|Any CPU
	EndGlobalSection
	GlobalSection(ProjectConfigurationPlatforms) = postSolution
		{A9BA0206-49F5-4B5D-9ED7-E605684AEF96}.Debug|Any CPU.ActiveCfg = Debug|Any CPU
		{A9BA0206-49F5-4B5D-9ED7-E605684AEF96}.Debug|Any CPU.Build.0 = Debug|Any CPU
		{A9BA0206-49F5-4B5D-9ED7-E605684AEF96}.Release|Any CPU.ActiveCfg = Release|Any CPU
		{A9BA0206-49F5-4B5D-9ED7-E605684AEF96}.Release|Any CPU.Build.0 = Release|Any CPU
	EndGlobalSection
	GlobalSection(SolutionProperties) = preSolution
		HideSolutionNode = FALSE
	EndGlobalSection
	GlobalSection(ExtensibilityGlobals) = postSolution
		SolutionGuid = {083EE523-71F6-48A0-9DB3-FCE76CADB0C3}
	EndGlobalSection
EndGlobal
